
Microsoft Visual Studio Solution File, Format Version 12.00
# Visual Studio Version 16
VisualStudioVersion = 16.0.31005.135
MinimumVisualStudioVersion = 10.0.40219.1
Project("{FAE04EC0-301F-11D3-BF4B-00C04F79EFBC}") = "Solution", "Solution\Solution.csproj", "{F2FA11A0-CE1A-494E-8C7F-65F374CC7E2E}"
EndProject
Global
	GlobalSection(SolutionConfigurationPlatforms) = preSolution
		Debug|Any CPU = Debug|Any CPU
		Release|Any CPU = Release|Any CPU
	EndGlobalSection
	GlobalSection(ProjectConfigurationPlatforms) = postSolution
		{F2FA11A0-CE1A-494E-8C7F-65F374CC7E2E}.Debug|Any CPU.ActiveCfg = Debug|Any CPU
		{F2FA11A0-CE1A-494E-8C7F-65F374CC7E2E}.Debug|Any CPU.Build.0 = Debug|Any CPU
		{F2FA11A0-CE1A-494E-8C7F-65F374CC7E2E}.Release|Any CPU.ActiveCfg = Release|Any CPU
		{F2FA11A0-CE1A-494E-8C7F-65F374CC7E2E}.Release|Any CPU.Build.0 = Release|Any CPU
	EndGlobalSection
	GlobalSection(SolutionProperties) = preSolution
		HideSolutionNode = FALSE
	EndGlobalSection
	GlobalSection(ExtensibilityGlobals) = postSolution
		SolutionGuid = {23A43946-B4C0-464B-856B-FD747A2C4C0C}
	EndGlobalSection
EndGlobal
